
Microsoft Visual Studio Solution File, Format Version 12.00
# Visual Studio Version 16
VisualStudioVersion = 16.0.29519.181
MinimumVisualStudioVersion = 10.0.40219.1
Project("{FAE04EC0-301F-11D3-BF4B-00C04F79EFBC}") = "ConsoleApp2", "ConsoleApp2\ConsoleApp2.csproj", "{2FED47D0-64D6-4B2F-9C82-A67D0699B80B}"
EndProject
Global
	GlobalSection(SolutionConfigurationPlatforms) = preSolution
		Debug|Any CPU = Debug|Any CPU
		Release|Any CPU = Release|Any CPU
	EndGlobalSection
	GlobalSection(ProjectConfigurationPlatforms) = postSolution
		{2FED47D0-64D6-4B2F-9C82-A67D0699B80B}.Debug|Any CPU.ActiveCfg = Debug|Any CPU
		{2FED47D0-64D6-4B2F-9C82-A67D0699B80B}.Debug|Any CPU.Build.0 = Debug|Any CPU
		{2FED47D0-64D6-4B2F-9C82-A67D0699B80B}.Release|Any CPU.ActiveCfg = Release|Any CPU
		{2FED47D0-64D6-4B2F-9C82-A67D0699B80B}.Release|Any CPU.Build.0 = Release|Any CPU
	EndGlobalSection
	GlobalSection(SolutionProperties) = preSolution
		HideSolutionNode = FALSE
	EndGlobalSection
	GlobalSection(ExtensibilityGlobals) = postSolution
		SolutionGuid = {C1474AD6-7AA4-4F2B-8868-8A3CD12A4AA5}
	EndGlobalSection
EndGlobal
